{
  "requires": true,
  "lockfileVersion": 1,
  "dependencies": {
    "types-registry": {
      "version": "0.1.650",
      "resolved": "https://registry.npmjs.org/types-registry/-/types-registry-0.1.650.tgz",
      "integrity": "sha512-WwsoxJMbS3SD5A5KDuiYBCAWkZ8l2Mai1PMaPVW7UowB1GdrsIbCXDJSVXguBLNUsbBsfCAtyVXAp5J2Sf7wig=="
    }
  }
}
