{
  "requires": true,
  "lockfileVersion": 1,
  "dependencies": {
    "types-registry": {
      "version": "0.1.649",
      "resolved": "https://registry.npmjs.org/types-registry/-/types-registry-0.1.649.tgz",
      "integrity": "sha512-UkXViIDCo+V6by+/d1PFDDxbGnyFD91GqqyusIQ3zYpshuxsU7Ibi/mDMQG1pBq2stiKC0Abkc7UjR2zB9ipWA=="
    }
  }
}
